<?xml version="1.0" encoding="utf-8"?>
<Project ToolsVersion="4.0" xmlns="http://schemas.microsoft.com/developer/msbuild/2003">
  <ItemGroup>
    <Filter Include="Source Files">
      <UniqueIdentifier>{4FC737F1-C7A5-4376-A066-2A32D752A2FF}</UniqueIdentifier>
      <Extensions>cpp;c;cc;cxx;def;odl;idl;hpj;bat;asm;asmx</Extensions>
    </Filter>
    <Filter Include="HeaderFiles">
      <UniqueIdentifier>{86e7956b-01d3-482d-9f31-3b6e609a48e5}</UniqueIdentifier>
    </Filter>
  </ItemGroup>
  <ItemGroup>
    <ClCompile Include="Main.cpp">
      <Filter>Source Files</Filter>
    </ClCompile>
    <ClCompile Include="Day1\Day1.cpp">
      <Filter>Source Files</Filter>
    </ClCompile>
    <ClCompile Include="Day2\Day2.cpp">
      <Filter>Source Files</Filter>
    </ClCompile>
    <ClCompile Include="Day3\Day3.cpp">
      <Filter>Source Files</Filter>
    </ClCompile>
    <ClCompile Include="Day4\Day4.cpp">
      <Filter>Source Files</Filter>
    </ClCompile>
    <ClCompile Include="Day5\Day5.cpp">
      <Filter>Source Files</Filter>
    </ClCompile>
    <ClCompile Include="Day6\Day6.cpp">
      <Filter>Source Files</Filter>
    </ClCompile>
    <ClCompile Include="Day7\Day7.cpp">
      <Filter>Source Files</Filter>
    </ClCompile>
    <ClCompile Include="Day8\Day8.cpp">
      <Filter>Source Files</Filter>
    </ClCompile>
    <ClCompile Include="Day9\Day9.cpp">
      <Filter>Source Files</Filter>
    </ClCompile>
    <ClCompile Include="Day10\Day10.cpp">
      <Filter>Source Files</Filter>
    </ClCompile>
    <ClCompile Include="Day11\Day11.cpp">
      <Filter>Source Files</Filter>
    </ClCompile>
    <ClCompile Include="Day12\Day12.cpp">
      <Filter>Source Files</Filter>
    </ClCompile>
    <ClCompile Include="Day13\Day13.cpp">
      <Filter>Source Files</Filter>
    </ClCompile>
    <ClCompile Include="Util.cpp">
      <Filter>Source Files</Filter>
    </ClCompile>
    <ClCompile Include="Day14\Day14.cpp">
      <Filter>Source Files</Filter>
    </ClCompile>
    <ClCompile Include="Day15\Day15.cpp">
      <Filter>Source Files</Filter>
    </ClCompile>
    <ClCompile Include="Day16\Day16.cpp">
      <Filter>Source Files</Filter>
    </ClCompile>
    <ClCompile Include="Day17\Day17.cpp">
      <Filter>Source Files</Filter>
    </ClCompile>
    <ClCompile Include="Day18\Day18.cpp">
      <Filter>Source Files</Filter>
    </ClCompile>
    <ClCompile Include="Day19\Day19.cpp">
      <Filter>Source Files</Filter>
    </ClCompile>
    <ClCompile Include="Day20\Day20.cpp">
      <Filter>Source Files</Filter>
    </ClCompile>
    <ClCompile Include="Day21\Day21.cpp">
      <Filter>Source Files</Filter>
    </ClCompile>
    <ClCompile Include="Day22\Day22.cpp">
      <Filter>Source Files</Filter>
    </ClCompile>
    <ClCompile Include="Day23\Day23.cpp">
      <Filter>Source Files</Filter>
    </ClCompile>
  </ItemGroup>
  <ItemGroup>
    <ClInclude Include="Day1\Day1.h">
      <Filter>HeaderFiles</Filter>
    </ClInclude>
    <ClInclude Include="resource.h">
      <Filter>HeaderFiles</Filter>
    </ClInclude>
    <ClInclude Include="Day2\Day2.h">
      <Filter>HeaderFiles</Filter>
    </ClInclude>
    <ClInclude Include="Day3\Day3.h">
      <Filter>HeaderFiles</Filter>
    </ClInclude>
    <ClInclude Include="Day4\Day4.h">
      <Filter>HeaderFiles</Filter>
    </ClInclude>
    <ClInclude Include="Day5\Day5.h">
      <Filter>HeaderFiles</Filter>
    </ClInclude>
    <ClInclude Include="Day6\Day6.h">
      <Filter>HeaderFiles</Filter>
    </ClInclude>
    <ClInclude Include="Day7\Day7.h">
      <Filter>HeaderFiles</Filter>
    </ClInclude>
    <ClInclude Include="Day8\Day8.h">
      <Filter>HeaderFiles</Filter>
    </ClInclude>
    <ClInclude Include="Day9\Day9.h">
      <Filter>HeaderFiles</Filter>
    </ClInclude>
    <ClInclude Include="Day10\Day10.h">
      <Filter>HeaderFiles</Filter>
    </ClInclude>
    <ClInclude Include="Day12\Day12.h">
      <Filter>HeaderFiles</Filter>
    </ClInclude>
    <ClInclude Include="Day11\Day11.h">
      <Filter>HeaderFiles</Filter>
    </ClInclude>
    <ClInclude Include="Day13\Day13.h">
      <Filter>HeaderFiles</Filter>
    </ClInclude>
    <ClInclude Include="Util.h">
      <Filter>HeaderFiles</Filter>
    </ClInclude>
    <ClInclude Include="Day14\Day14.h">
      <Filter>HeaderFiles</Filter>
    </ClInclude>
    <ClInclude Include="Day15\Day15.h">
      <Filter>HeaderFiles</Filter>
    </ClInclude>
    <ClInclude Include="Day16\Day16.h">
      <Filter>HeaderFiles</Filter>
    </ClInclude>
    <ClInclude Include="Day17\Day17.h">
      <Filter>HeaderFiles</Filter>
    </ClInclude>
    <ClInclude Include="Day18\Day18.h">
      <Filter>HeaderFiles</Filter>
    </ClInclude>
    <ClInclude Include="Day19\Day19.h">
      <Filter>HeaderFiles</Filter>
    </ClInclude>
    <ClInclude Include="Day20\Day20.h">
      <Filter>HeaderFiles</Filter>
    </ClInclude>
    <ClInclude Include="Day21\Day21.h">
      <Filter>HeaderFiles</Filter>
    </ClInclude>
    <ClInclude Include="Day22\Day22.h">
      <Filter>HeaderFiles</Filter>
    </ClInclude>
    <ClInclude Include="Day23\Day23.h">
      <Filter>HeaderFiles</Filter>
    </ClInclude>
  </ItemGroup>
  <ItemGroup>
    <ResourceCompile Include="AdventOfCode.rc" />
  </ItemGroup>
</Project>